
Microsoft Visual Studio Solution File, Format Version 12.00
# Visual Studio Version 17
VisualStudioVersion = 17.14.36915.13 d17.14
MinimumVisualStudioVersion = 10.0.40219.1
Project("{FAE04EC0-301F-11D3-BF4B-00C04F79EFBC}") = "Porker", "Porker\Porker.csproj", "{DAE938D8-242F-47FE-AB26-2197011DD540}"
EndProject
Global
	GlobalSection(SolutionConfigurationPlatforms) = preSolution
		Debug|Any CPU = Debug|Any CPU
		Release|Any CPU = Release|Any CPU
	EndGlobalSection
	GlobalSection(ProjectConfigurationPlatforms) = postSolution
		{DAE938D8-242F-47FE-AB26-2197011DD540}.Debug|Any CPU.ActiveCfg = Debug|Any CPU
		{DAE938D8-242F-47FE-AB26-2197011DD540}.Debug|Any CPU.Build.0 = Debug|Any CPU
		{DAE938D8-242F-47FE-AB26-2197011DD540}.Release|Any CPU.ActiveCfg = Release|Any CPU
		{DAE938D8-242F-47FE-AB26-2197011DD540}.Release|Any CPU.Build.0 = Release|Any CPU
	EndGlobalSection
	GlobalSection(SolutionProperties) = preSolution
		HideSolutionNode = FALSE
	EndGlobalSection
	GlobalSection(ExtensibilityGlobals) = postSolution
		SolutionGuid = {251B41BA-3E63-4B1D-B7AD-386CB1EB9741}
	EndGlobalSection
EndGlobal
